// !$*UTF8*$!
{
	archiveVersion = 1;
	classes = {
	};
	objectVersion = 55;
	objects = {

/* Begin PBXBuildFile section */
		27C8AC23288542CD000D2374 /* LetterListViewController.swift in Sources */ = {isa = PBXBuildFile; fileRef = 27C8AC22288542CD000D2374 /* LetterListViewController.swift */; };
		27C8AC25288542DC000D2374 /* TempFile.swift in Sources */ = {isa = PBXBuildFile; fileRef = 27C8AC24288542DC000D2374 /* TempFile.swift */; };
		C50FC85F288DF8760005DA18 /* EditLetterViewConttroller.swift in Sources */ = {isa = PBXBuildFile; fileRef = C50FC85E288DF8760005DA18 /* EditLetterViewConttroller.swift */; };
		C50FC861288DFA270005DA18 /* WrittenLetterViewController.swift in Sources */ = {isa = PBXBuildFile; fileRef = C50FC860288DFA270005DA18 /* WrittenLetterViewController.swift */; };
		C52ACC5A288DBC8D00E4F9F6 /* WritingLetter.storyboard in Resources */ = {isa = PBXBuildFile; fileRef = C52ACC58288DBC8D00E4F9F6 /* WritingLetter.storyboard */; };
		C56CDAC4287EE41E00C1F5F9 /* AppDelegate.swift in Sources */ = {isa = PBXBuildFile; fileRef = C56CDAC3287EE41E00C1F5F9 /* AppDelegate.swift */; };
		C56CDAC6287EE41E00C1F5F9 /* SceneDelegate.swift in Sources */ = {isa = PBXBuildFile; fileRef = C56CDAC5287EE41E00C1F5F9 /* SceneDelegate.swift */; };
		C56CDAC8287EE41E00C1F5F9 /* ViewController.swift in Sources */ = {isa = PBXBuildFile; fileRef = C56CDAC7287EE41E00C1F5F9 /* ViewController.swift */; };
		C56CDACB287EE41E00C1F5F9 /* Main.storyboard in Resources */ = {isa = PBXBuildFile; fileRef = C56CDAC9287EE41E00C1F5F9 /* Main.storyboard */; };
		C56CDACD287EE41F00C1F5F9 /* Assets.xcassets in Resources */ = {isa = PBXBuildFile; fileRef = C56CDACC287EE41F00C1F5F9 /* Assets.xcassets */; };
		C56CDAD0287EE41F00C1F5F9 /* LaunchScreen.storyboard in Resources */ = {isa = PBXBuildFile; fileRef = C56CDACE287EE41F00C1F5F9 /* LaunchScreen.storyboard */; };
		C58E3B61288DBF1800D66BBD /* WritingLetterViewController.swift in Sources */ = {isa = PBXBuildFile; fileRef = C58E3B60288DBF1800D66BBD /* WritingLetterViewController.swift */; };
		C58E3B63288DBF3F00D66BBD /* WrittenLetterListViewController.swift in Sources */ = {isa = PBXBuildFile; fileRef = C58E3B62288DBF3F00D66BBD /* WrittenLetterListViewController.swift */; };
/* End PBXBuildFile section */

/* Begin PBXFileReference section */
		27C8AC22288542CD000D2374 /* LetterListViewController.swift */ = {isa = PBXFileReference; lastKnownFileType = sourcecode.swift; path = LetterListViewController.swift; sourceTree = "<group>"; };
		27C8AC24288542DC000D2374 /* TempFile.swift */ = {isa = PBXFileReference; lastKnownFileType = sourcecode.swift; path = TempFile.swift; sourceTree = "<group>"; };
		C50FC85E288DF8760005DA18 /* EditLetterViewConttroller.swift */ = {isa = PBXFileReference; lastKnownFileType = sourcecode.swift; path = EditLetterViewConttroller.swift; sourceTree = "<group>"; };
		C50FC860288DFA270005DA18 /* WrittenLetterViewController.swift */ = {isa = PBXFileReference; lastKnownFileType = sourcecode.swift; path = WrittenLetterViewController.swift; sourceTree = "<group>"; };
		C52ACC59288DBC8D00E4F9F6 /* Base */ = {isa = PBXFileReference; lastKnownFileType = file.storyboard; name = Base; path = Base.lproj/WritingLetter.storyboard; sourceTree = "<group>"; };
		C56CDAC0287EE41E00C1F5F9 /* OverTheRainbow.app */ = {isa = PBXFileReference; explicitFileType = wrapper.application; includeInIndex = 0; path = OverTheRainbow.app; sourceTree = BUILT_PRODUCTS_DIR; };
		C56CDAC3287EE41E00C1F5F9 /* AppDelegate.swift */ = {isa = PBXFileReference; lastKnownFileType = sourcecode.swift; path = AppDelegate.swift; sourceTree = "<group>"; };
		C56CDAC5287EE41E00C1F5F9 /* SceneDelegate.swift */ = {isa = PBXFileReference; lastKnownFileType = sourcecode.swift; path = SceneDelegate.swift; sourceTree = "<group>"; };
		C56CDAC7287EE41E00C1F5F9 /* ViewController.swift */ = {isa = PBXFileReference; lastKnownFileType = sourcecode.swift; path = ViewController.swift; sourceTree = "<group>"; };
		C56CDACA287EE41E00C1F5F9 /* Base */ = {isa = PBXFileReference; lastKnownFileType = file.storyboard; name = Base; path = Base.lproj/Main.storyboard; sourceTree = "<group>"; };
		C56CDACC287EE41F00C1F5F9 /* Assets.xcassets */ = {isa = PBXFileReference; lastKnownFileType = folder.assetcatalog; path = Assets.xcassets; sourceTree = "<group>"; };
		C56CDACF287EE41F00C1F5F9 /* Base */ = {isa = PBXFileReference; lastKnownFileType = file.storyboard; name = Base; path = Base.lproj/LaunchScreen.storyboard; sourceTree = "<group>"; };
		C56CDAD1287EE41F00C1F5F9 /* Info.plist */ = {isa = PBXFileReference; lastKnownFileType = text.plist.xml; path = Info.plist; sourceTree = "<group>"; };
		C58E3B60288DBF1800D66BBD /* WritingLetterViewController.swift */ = {isa = PBXFileReference; lastKnownFileType = sourcecode.swift; path = WritingLetterViewController.swift; sourceTree = "<group>"; };
		C58E3B62288DBF3F00D66BBD /* WrittenLetterListViewController.swift */ = {isa = PBXFileReference; lastKnownFileType = sourcecode.swift; path = WrittenLetterListViewController.swift; sourceTree = "<group>"; };
/* End PBXFileReference section */

/* Begin PBXFrameworksBuildPhase section */
		C56CDABD287EE41E00C1F5F9 /* Frameworks */ = {
			isa = PBXFrameworksBuildPhase;
			buildActionMask = 2147483647;
			files = (
			);
			runOnlyForDeploymentPostprocessing = 0;
		};
/* End PBXFrameworksBuildPhase section */

/* Begin PBXGroup section */
		27C8AC1E2885406A000D2374 /* Global */ = {
			isa = PBXGroup;
			children = (
				C56CDACC287EE41F00C1F5F9 /* Assets.xcassets */,
			);
			path = Global;
			sourceTree = "<group>";
		};
		27C8AC1F28854156000D2374 /* Screens */ = {
			isa = PBXGroup;
			children = (
				27C8AC21288542B1000D2374 /* letterList */,
			);
			path = Screens;
			sourceTree = "<group>";
		};
		27C8AC2028854182000D2374 /* Network */ = {
			isa = PBXGroup;
			children = (
				27C8AC24288542DC000D2374 /* TempFile.swift */,
			);
			path = Network;
			sourceTree = "<group>";
		};
		27C8AC21288542B1000D2374 /* letterList */ = {
			isa = PBXGroup;
			children = (
				27C8AC22288542CD000D2374 /* LetterListViewController.swift */,
			);
			path = letterList;
			sourceTree = "<group>";
		};
		C56CDAB7287EE41E00C1F5F9 = {
			isa = PBXGroup;
			children = (
				C56CDAC2287EE41E00C1F5F9 /* OverTheRainbow */,
				C56CDAC1287EE41E00C1F5F9 /* Products */,
			);
			sourceTree = "<group>";
		};
		C56CDAC1287EE41E00C1F5F9 /* Products */ = {
			isa = PBXGroup;
			children = (
				C56CDAC0287EE41E00C1F5F9 /* OverTheRainbow.app */,
			);
			name = Products;
			sourceTree = "<group>";
		};
		C56CDAC2287EE41E00C1F5F9 /* OverTheRainbow */ = {
			isa = PBXGroup;
			children = (
				27C8AC2028854182000D2374 /* Network */,
				27C8AC1F28854156000D2374 /* Screens */,
				27C8AC1E2885406A000D2374 /* Global */,
				C56CDAC3287EE41E00C1F5F9 /* AppDelegate.swift */,
				C56CDAC5287EE41E00C1F5F9 /* SceneDelegate.swift */,
				C56CDAC7287EE41E00C1F5F9 /* ViewController.swift */,
				C56CDAC9287EE41E00C1F5F9 /* Main.storyboard */,
				C52ACC58288DBC8D00E4F9F6 /* WritingLetter.storyboard */,
				C50FC860288DFA270005DA18 /* WrittenLetterViewController.swift */,
				C50FC85E288DF8760005DA18 /* EditLetterViewConttroller.swift */,
				C58E3B60288DBF1800D66BBD /* WritingLetterViewController.swift */,
				C58E3B62288DBF3F00D66BBD /* WrittenLetterListViewController.swift */,
				C56CDACE287EE41F00C1F5F9 /* LaunchScreen.storyboard */,
				C56CDAD1287EE41F00C1F5F9 /* Info.plist */,
			);
			path = OverTheRainbow;
			sourceTree = "<group>";
		};
/* End PBXGroup section */

/* Begin PBXNativeTarget section */
		C56CDABF287EE41E00C1F5F9 /* OverTheRainbow */ = {
			isa = PBXNativeTarget;
			buildConfigurationList = C56CDAD4287EE41F00C1F5F9 /* Build configuration list for PBXNativeTarget "OverTheRainbow" */;
			buildPhases = (
				C5767F1B2885390D006E5991 /* Run SwiftLint */,
				C56CDABC287EE41E00C1F5F9 /* Sources */,
				C56CDABD287EE41E00C1F5F9 /* Frameworks */,
				C56CDABE287EE41E00C1F5F9 /* Resources */,
			);
			buildRules = (
			);
			dependencies = (
			);
			name = OverTheRainbow;
			productName = OverTheRainbow;
			productReference = C56CDAC0287EE41E00C1F5F9 /* OverTheRainbow.app */;
			productType = "com.apple.product-type.application";
		};
/* End PBXNativeTarget section */

/* Begin PBXProject section */
		C56CDAB8287EE41E00C1F5F9 /* Project object */ = {
			isa = PBXProject;
			attributes = {
				BuildIndependentTargetsInParallel = 1;
				LastSwiftUpdateCheck = 1340;
				LastUpgradeCheck = 1340;
				TargetAttributes = {
					C56CDABF287EE41E00C1F5F9 = {
						CreatedOnToolsVersion = 13.4.1;
					};
				};
			};
			buildConfigurationList = C56CDABB287EE41E00C1F5F9 /* Build configuration list for PBXProject "OverTheRainbow" */;
			compatibilityVersion = "Xcode 13.0";
			developmentRegion = en;
			hasScannedForEncodings = 0;
			knownRegions = (
				en,
				Base,
			);
			mainGroup = C56CDAB7287EE41E00C1F5F9;
			productRefGroup = C56CDAC1287EE41E00C1F5F9 /* Products */;
			projectDirPath = "";
			projectRoot = "";
			targets = (
				C56CDABF287EE41E00C1F5F9 /* OverTheRainbow */,
			);
		};
/* End PBXProject section */

/* Begin PBXResourcesBuildPhase section */
		C56CDABE287EE41E00C1F5F9 /* Resources */ = {
			isa = PBXResourcesBuildPhase;
			buildActionMask = 2147483647;
			files = (
				C52ACC5A288DBC8D00E4F9F6 /* WritingLetter.storyboard in Resources */,
				C56CDAD0287EE41F00C1F5F9 /* LaunchScreen.storyboard in Resources */,
				C56CDACD287EE41F00C1F5F9 /* Assets.xcassets in Resources */,
				C56CDACB287EE41E00C1F5F9 /* Main.storyboard in Resources */,
			);
			runOnlyForDeploymentPostprocessing = 0;
		};
/* End PBXResourcesBuildPhase section */

/* Begin PBXShellScriptBuildPhase section */
		C5767F1B2885390D006E5991 /* Run SwiftLint */ = {
			isa = PBXShellScriptBuildPhase;
			buildActionMask = 2147483647;
			files = (
			);
			inputFileListPaths = (
			);
			inputPaths = (
			);
			name = "Run SwiftLint";
			outputFileListPaths = (
			);
			outputPaths = (
			);
			runOnlyForDeploymentPostprocessing = 0;
			shellPath = /bin/sh;
			shellScript = "export PATH=\"$PATH:/opt/homebrew/bin\"\nif which swiftlint > /dev/null; then\n  swiftlint\nelse\n  echo \"warning: SwiftLint not installed, download from https://github.com/realm/SwiftLint\"\nfi\n";
		};
/* End PBXShellScriptBuildPhase section */

/* Begin PBXSourcesBuildPhase section */
		C56CDABC287EE41E00C1F5F9 /* Sources */ = {
			isa = PBXSourcesBuildPhase;
			buildActionMask = 2147483647;
			files = (
				27C8AC23288542CD000D2374 /* LetterListViewController.swift in Sources */,
				C56CDAC8287EE41E00C1F5F9 /* ViewController.swift in Sources */,
				C56CDAC4287EE41E00C1F5F9 /* AppDelegate.swift in Sources */,
				C50FC85F288DF8760005DA18 /* EditLetterViewConttroller.swift in Sources */,
				C58E3B63288DBF3F00D66BBD /* WrittenLetterListViewController.swift in Sources */,
				C56CDAC6287EE41E00C1F5F9 /* SceneDelegate.swift in Sources */,
				C50FC861288DFA270005DA18 /* WrittenLetterViewController.swift in Sources */,
				27C8AC25288542DC000D2374 /* TempFile.swift in Sources */,
				C58E3B61288DBF1800D66BBD /* WritingLetterViewController.swift in Sources */,
			);
			runOnlyForDeploymentPostprocessing = 0;
		};
/* End PBXSourcesBuildPhase section */

/* Begin PBXVariantGroup section */
		C52ACC58288DBC8D00E4F9F6 /* WritingLetter.storyboard */ = {
			isa = PBXVariantGroup;
			children = (
				C52ACC59288DBC8D00E4F9F6 /* Base */,
			);
			name = WritingLetter.storyboard;
			sourceTree = "<group>";
		};
		C56CDAC9287EE41E00C1F5F9 /* Main.storyboard */ = {
			isa = PBXVariantGroup;
			children = (
				C56CDACA287EE41E00C1F5F9 /* Base */,
			);
			name = Main.storyboard;
			sourceTree = "<group>";
		};
		C56CDACE287EE41F00C1F5F9 /* LaunchScreen.storyboard */ = {
			isa = PBXVariantGroup;
			children = (
				C56CDACF287EE41F00C1F5F9 /* Base */,
			);
			name = LaunchScreen.storyboard;
			sourceTree = "<group>";
		};
/* End PBXVariantGroup section */

/* Begin XCBuildConfiguration section */
		C56CDAD2287EE41F00C1F5F9 /* Debug */ = {
			isa = XCBuildConfiguration;
			buildSettings = {
				ALWAYS_SEARCH_USER_PATHS = NO;
				CLANG_ANALYZER_NONNULL = YES;
				CLANG_ANALYZER_NUMBER_OBJECT_CONVERSION = YES_AGGRESSIVE;
				CLANG_CXX_LANGUAGE_STANDARD = "gnu++17";
				CLANG_ENABLE_MODULES = YES;
				CLANG_ENABLE_OBJC_ARC = YES;
				CLANG_ENABLE_OBJC_WEAK = YES;
				CLANG_WARN_BLOCK_CAPTURE_AUTORELEASING = YES;
				CLANG_WARN_BOOL_CONVERSION = YES;
				CLANG_WARN_COMMA = YES;
				CLANG_WARN_CONSTANT_CONVERSION = YES;
				CLANG_WARN_DEPRECATED_OBJC_IMPLEMENTATIONS = YES;
				CLANG_WARN_DIRECT_OBJC_ISA_USAGE = YES_ERROR;
				CLANG_WARN_DOCUMENTATION_COMMENTS = YES;
				CLANG_WARN_EMPTY_BODY = YES;
				CLANG_WARN_ENUM_CONVERSION = YES;
				CLANG_WARN_INFINITE_RECURSION = YES;
				CLANG_WARN_INT_CONVERSION = YES;
				CLANG_WARN_NON_LITERAL_NULL_CONVERSION = YES;
				CLANG_WARN_OBJC_IMPLICIT_RETAIN_SELF = YES;
				CLANG_WARN_OBJC_LITERAL_CONVERSION = YES;
				CLANG_WARN_OBJC_ROOT_CLASS = YES_ERROR;
				CLANG_WARN_QUOTED_INCLUDE_IN_FRAMEWORK_HEADER = YES;
				CLANG_WARN_RANGE_LOOP_ANALYSIS = YES;
				CLANG_WARN_STRICT_PROTOTYPES = YES;
				CLANG_WARN_SUSPICIOUS_MOVE = YES;
				CLANG_WARN_UNGUARDED_AVAILABILITY = YES_AGGRESSIVE;
				CLANG_WARN_UNREACHABLE_CODE = YES;
				CLANG_WARN__DUPLICATE_METHOD_MATCH = YES;
				COPY_PHASE_STRIP = NO;
				DEBUG_INFORMATION_FORMAT = dwarf;
				ENABLE_STRICT_OBJC_MSGSEND = YES;
				ENABLE_TESTABILITY = YES;
				GCC_C_LANGUAGE_STANDARD = gnu11;
				GCC_DYNAMIC_NO_PIC = NO;
				GCC_NO_COMMON_BLOCKS = YES;
				GCC_OPTIMIZATION_LEVEL = 0;
				GCC_PREPROCESSOR_DEFINITIONS = (
					"DEBUG=1",
					"$(inherited)",
				);
				GCC_WARN_64_TO_32_BIT_CONVERSION = YES;
				GCC_WARN_ABOUT_RETURN_TYPE = YES_ERROR;
				GCC_WARN_UNDECLARED_SELECTOR = YES;
				GCC_WARN_UNINITIALIZED_AUTOS = YES_AGGRESSIVE;
				GCC_WARN_UNUSED_FUNCTION = YES;
				GCC_WARN_UNUSED_VARIABLE = YES;
				IPHONEOS_DEPLOYMENT_TARGET = 15.2;
				MTL_ENABLE_DEBUG_INFO = INCLUDE_SOURCE;
				MTL_FAST_MATH = YES;
				ONLY_ACTIVE_ARCH = YES;
				SDKROOT = iphoneos;
				SWIFT_ACTIVE_COMPILATION_CONDITIONS = DEBUG;
				SWIFT_OPTIMIZATION_LEVEL = "-Onone";
			};
			name = Debug;
		};
		C56CDAD3287EE41F00C1F5F9 /* Release */ = {
			isa = XCBuildConfiguration;
			buildSettings = {
				ALWAYS_SEARCH_USER_PATHS = NO;
				CLANG_ANALYZER_NONNULL = YES;
				CLANG_ANALYZER_NUMBER_OBJECT_CONVERSION = YES_AGGRESSIVE;
				CLANG_CXX_LANGUAGE_STANDARD = "gnu++17";
				CLANG_ENABLE_MODULES = YES;
				CLANG_ENABLE_OBJC_ARC = YES;
				CLANG_ENABLE_OBJC_WEAK = YES;
				CLANG_WARN_BLOCK_CAPTURE_AUTORELEASING = YES;
				CLANG_WARN_BOOL_CONVERSION = YES;
				CLANG_WARN_COMMA = YES;
				CLANG_WARN_CONSTANT_CONVERSION = YES;
				CLANG_WARN_DEPRECATED_OBJC_IMPLEMENTATIONS = YES;
				CLANG_WARN_DIRECT_OBJC_ISA_USAGE = YES_ERROR;
				CLANG_WARN_DOCUMENTATION_COMMENTS = YES;
				CLANG_WARN_EMPTY_BODY = YES;
				CLANG_WARN_ENUM_CONVERSION = YES;
				CLANG_WARN_INFINITE_RECURSION = YES;
				CLANG_WARN_INT_CONVERSION = YES;
				CLANG_WARN_NON_LITERAL_NULL_CONVERSION = YES;
				CLANG_WARN_OBJC_IMPLICIT_RETAIN_SELF = YES;
				CLANG_WARN_OBJC_LITERAL_CONVERSION = YES;
				CLANG_WARN_OBJC_ROOT_CLASS = YES_ERROR;
				CLANG_WARN_QUOTED_INCLUDE_IN_FRAMEWORK_HEADER = YES;
				CLANG_WARN_RANGE_LOOP_ANALYSIS = YES;
				CLANG_WARN_STRICT_PROTOTYPES = YES;
				CLANG_WARN_SUSPICIOUS_MOVE = YES;
				CLANG_WARN_UNGUARDED_AVAILABILITY = YES_AGGRESSIVE;
				CLANG_WARN_UNREACHABLE_CODE = YES;
				CLANG_WARN__DUPLICATE_METHOD_MATCH = YES;
				COPY_PHASE_STRIP = NO;
				DEBUG_INFORMATION_FORMAT = "dwarf-with-dsym";
				ENABLE_NS_ASSERTIONS = NO;
				ENABLE_STRICT_OBJC_MSGSEND = YES;
				GCC_C_LANGUAGE_STANDARD = gnu11;
				GCC_NO_COMMON_BLOCKS = YES;
				GCC_WARN_64_TO_32_BIT_CONVERSION = YES;
				GCC_WARN_ABOUT_RETURN_TYPE = YES_ERROR;
				GCC_WARN_UNDECLARED_SELECTOR = YES;
				GCC_WARN_UNINITIALIZED_AUTOS = YES_AGGRESSIVE;
				GCC_WARN_UNUSED_FUNCTION = YES;
				GCC_WARN_UNUSED_VARIABLE = YES;
				IPHONEOS_DEPLOYMENT_TARGET = 15.2;
				MTL_ENABLE_DEBUG_INFO = NO;
				MTL_FAST_MATH = YES;
				SDKROOT = iphoneos;
				SWIFT_COMPILATION_MODE = wholemodule;
				SWIFT_OPTIMIZATION_LEVEL = "-O";
				VALIDATE_PRODUCT = YES;
			};
			name = Release;
		};
		C56CDAD5287EE41F00C1F5F9 /* Debug */ = {
			isa = XCBuildConfiguration;
			buildSettings = {
				ASSETCATALOG_COMPILER_APPICON_NAME = AppIcon;
				ASSETCATALOG_COMPILER_GLOBAL_ACCENT_COLOR_NAME = AccentColor;
				CODE_SIGN_STYLE = Automatic;
				CURRENT_PROJECT_VERSION = 1;
				DEVELOPMENT_TEAM = 956H2C4NC8;
				GENERATE_INFOPLIST_FILE = YES;
				INFOPLIST_FILE = OverTheRainbow/Info.plist;
				INFOPLIST_KEY_UIApplicationSupportsIndirectInputEvents = YES;
				INFOPLIST_KEY_UILaunchStoryboardName = LaunchScreen;
				INFOPLIST_KEY_UIMainStoryboardFile = Main;
				INFOPLIST_KEY_UISupportedInterfaceOrientations_iPad = "UIInterfaceOrientationPortrait UIInterfaceOrientationPortraitUpsideDown UIInterfaceOrientationLandscapeLeft UIInterfaceOrientationLandscapeRight";
				INFOPLIST_KEY_UISupportedInterfaceOrientations_iPhone = "UIInterfaceOrientationPortrait UIInterfaceOrientationLandscapeLeft UIInterfaceOrientationLandscapeRight";
				LD_RUNPATH_SEARCH_PATHS = (
					"$(inherited)",
					"@executable_path/Frameworks",
				);
				MARKETING_VERSION = 1.0;
				PRODUCT_BUNDLE_IDENTIFIER = Simon.OverTheRainbow;
				PRODUCT_NAME = "$(TARGET_NAME)";
				SWIFT_EMIT_LOC_STRINGS = YES;
				SWIFT_VERSION = 5.0;
				TARGETED_DEVICE_FAMILY = "1,2";
			};
			name = Debug;
		};
		C56CDAD6287EE41F00C1F5F9 /* Release */ = {
			isa = XCBuildConfiguration;
			buildSettings = {
				ASSETCATALOG_COMPILER_APPICON_NAME = AppIcon;
				ASSETCATALOG_COMPILER_GLOBAL_ACCENT_COLOR_NAME = AccentColor;
				CODE_SIGN_STYLE = Automatic;
				CURRENT_PROJECT_VERSION = 1;
				DEVELOPMENT_TEAM = 956H2C4NC8;
				GENERATE_INFOPLIST_FILE = YES;
				INFOPLIST_FILE = OverTheRainbow/Info.plist;
				INFOPLIST_KEY_UIApplicationSupportsIndirectInputEvents = YES;
				INFOPLIST_KEY_UILaunchStoryboardName = LaunchScreen;
				INFOPLIST_KEY_UIMainStoryboardFile = Main;
				INFOPLIST_KEY_UISupportedInterfaceOrientations_iPad = "UIInterfaceOrientationPortrait UIInterfaceOrientationPortraitUpsideDown UIInterfaceOrientationLandscapeLeft UIInterfaceOrientationLandscapeRight";
				INFOPLIST_KEY_UISupportedInterfaceOrientations_iPhone = "UIInterfaceOrientationPortrait UIInterfaceOrientationLandscapeLeft UIInterfaceOrientationLandscapeRight";
				LD_RUNPATH_SEARCH_PATHS = (
					"$(inherited)",
					"@executable_path/Frameworks",
				);
				MARKETING_VERSION = 1.0;
				PRODUCT_BUNDLE_IDENTIFIER = Simon.OverTheRainbow;
				PRODUCT_NAME = "$(TARGET_NAME)";
				SWIFT_EMIT_LOC_STRINGS = YES;
				SWIFT_VERSION = 5.0;
				TARGETED_DEVICE_FAMILY = "1,2";
			};
			name = Release;
		};
/* End XCBuildConfiguration section */

/* Begin XCConfigurationList section */
		C56CDABB287EE41E00C1F5F9 /* Build configuration list for PBXProject "OverTheRainbow" */ = {
			isa = XCConfigurationList;
			buildConfigurations = (
				C56CDAD2287EE41F00C1F5F9 /* Debug */,
				C56CDAD3287EE41F00C1F5F9 /* Release */,
			);
			defaultConfigurationIsVisible = 0;
			defaultConfigurationName = Release;
		};
		C56CDAD4287EE41F00C1F5F9 /* Build configuration list for PBXNativeTarget "OverTheRainbow" */ = {
			isa = XCConfigurationList;
			buildConfigurations = (
				C56CDAD5287EE41F00C1F5F9 /* Debug */,
				C56CDAD6287EE41F00C1F5F9 /* Release */,
			);
			defaultConfigurationIsVisible = 0;
			defaultConfigurationName = Release;
		};
/* End XCConfigurationList section */
	};
	rootObject = C56CDAB8287EE41E00C1F5F9 /* Project object */;
}
